<?xml version="1.0" encoding="utf-8"?>
<Project ToolsVersion="4.0" xmlns="http://schemas.microsoft.com/developer/msbuild/2003">
  <ItemGroup>
    <Filter Include="Source Files">
      <UniqueIdentifier>{4FC737F1-C7A5-4376-A066-2A32D752A2FF}</UniqueIdentifier>
      <Extensions>cpp;c;cc;cxx;def;odl;idl;hpj;bat;asm;asmx</Extensions>
    </Filter>
    <Filter Include="Header Files">
      <UniqueIdentifier>{93995380-89BD-4b04-88EB-625FBE52EBFB}</UniqueIdentifier>
      <Extensions>h;hh;hpp;hxx;hm;inl;inc;ipp;xsd</Extensions>
    </Filter>
    <Filter Include="Resource Files">
      <UniqueIdentifier>{67DA6AB6-F800-4c08-8B7A-83BB121AAD01}</UniqueIdentifier>
      <Extensions>rc;ico;cur;bmp;dlg;rc2;rct;bin;rgs;gif;jpg;jpeg;jpe;resx;tiff;tif;png;wav;mfcribbon-ms</Extensions>
    </Filter>
    <Filter Include="Shader Source">
      <UniqueIdentifier>{333ccaef-c05d-4c98-93a8-255453641d7a}</UniqueIdentifier>
    </Filter>
    <Filter Include="Shader Source\diffuse">
      <UniqueIdentifier>{f8b0fa38-bbac-4849-80a3-1a0b6cc6df19}</UniqueIdentifier>
    </Filter>
    <Filter Include="Shader Source\gui">
      <UniqueIdentifier>{1b5db849-8bc6-4ea4-8f3b-9dd706b241c6}</UniqueIdentifier>
    </Filter>
    <Filter Include="Shader Source\font">
      <UniqueIdentifier>{a9b2b0a5-a1e4-4126-a8e0-404e1838e65f}</UniqueIdentifier>
    </Filter>
  </ItemGroup>
  <ItemGroup>
    <ClCompile Include="camera.cpp">
      <Filter>Header Files</Filter>
    </ClCompile>
    <ClCompile Include="entity.cpp">
      <Filter>Header Files</Filter>
    </ClCompile>
    <ClCompile Include="file.cpp">
      <Filter>Header Files</Filter>
    </ClCompile>
    <ClCompile Include="font.cpp">
      <Filter>Header Files</Filter>
    </ClCompile>
    <ClCompile Include="graphics.cpp">
      <Filter>Header Files</Filter>
    </ClCompile>
    <ClCompile Include="gui.cpp">
      <Filter>Header Files</Filter>
    </ClCompile>
    <ClCompile Include="image.cpp">
      <Filter>Header Files</Filter>
    </ClCompile>
    <ClCompile Include="input.cpp">
      <Filter>Header Files</Filter>
    </ClCompile>
    <ClCompile Include="main.cpp">
      <Filter>Header Files</Filter>
    </ClCompile>
    <ClCompile Include="map.cpp">
      <Filter>Header Files</Filter>
    </ClCompile>
    <ClCompile Include="mesh.cpp">
      <Filter>Header Files</Filter>
    </ClCompile>
    <ClCompile Include="shader.cpp">
      <Filter>Header Files</Filter>
    </ClCompile>
    <ClCompile Include="window.cpp">
      <Filter>Header Files</Filter>
    </ClCompile>
    <ClCompile Include="dynstr.cpp">
      <Filter>Header Files</Filter>
    </ClCompile>
    <ClCompile Include="actionbar.cpp">
      <Filter>Header Files</Filter>
    </ClCompile>
    <ClCompile Include="action.cpp">
      <Filter>Header Files</Filter>
    </ClCompile>
    <ClCompile Include="asset_manager.cpp">
      <Filter>Header Files</Filter>
    </ClCompile>
    <ClCompile Include="debug.cpp">
      <Filter>Header Files</Filter>
    </ClCompile>
    <ClCompile Include="hashtable.cpp">
      <Filter>Header Files</Filter>
    </ClCompile>
    <ClCompile Include="minimax.cpp">
      <Filter>Header Files</Filter>
    </ClCompile>
    <ClCompile Include="board_eval.cpp">
      <Filter>Header Files</Filter>
    </ClCompile>
    <ClCompile Include="turn.cpp">
      <Filter>Header Files</Filter>
    </ClCompile>
    <ClCompile Include="team.cpp">
      <Filter>Header Files</Filter>
    </ClCompile>
    <ClCompile Include="ai.cpp">
      <Filter>Header Files</Filter>
    </ClCompile>
    <ClCompile Include="map_gen.cpp">
      <Filter>Header Files</Filter>
    </ClCompile>
    <ClCompile Include="math.cpp">
      <Filter>Header Files</Filter>
    </ClCompile>
    <ClCompile Include="dynarray.cpp">
      <Filter>Header Files</Filter>
    </ClCompile>
    <ClCompile Include="dynqueue.cpp">
      <Filter>Header Files</Filter>
    </ClCompile>
    <ClCompile Include="physics.cpp">
      <Filter>Header Files</Filter>
    </ClCompile>
  </ItemGroup>
  <ItemGroup>
    <ClInclude Include="camera.h">
      <Filter>Header Files</Filter>
    </ClInclude>
    <ClInclude Include="entity.h">
      <Filter>Header Files</Filter>
    </ClInclude>
    <ClInclude Include="file.h">
      <Filter>Header Files</Filter>
    </ClInclude>
    <ClInclude Include="font.h">
      <Filter>Header Files</Filter>
    </ClInclude>
    <ClInclude Include="general.h">
      <Filter>Header Files</Filter>
    </ClInclude>
    <ClInclude Include="graphics.h">
      <Filter>Header Files</Filter>
    </ClInclude>
    <ClInclude Include="gui.h">
      <Filter>Header Files</Filter>
    </ClInclude>
    <ClInclude Include="image.h">
      <Filter>Header Files</Filter>
    </ClInclude>
    <ClInclude Include="input.h">
      <Filter>Header Files</Filter>
    </ClInclude>
    <ClInclude Include="map.h">
      <Filter>Header Files</Filter>
    </ClInclude>
    <ClInclude Include="mesh.h">
      <Filter>Header Files</Filter>
    </ClInclude>
    <ClInclude Include="shader.h">
      <Filter>Header Files</Filter>
    </ClInclude>
    <ClInclude Include="window.h">
      <Filter>Header Files</Filter>
    </ClInclude>
    <ClInclude Include="dynstr.h">
      <Filter>Header Files</Filter>
    </ClInclude>
    <ClInclude Include="actionbar.h">
      <Filter>Header Files</Filter>
    </ClInclude>
    <ClInclude Include="action.h">
      <Filter>Header Files</Filter>
    </ClInclude>
    <ClInclude Include="asset_manager.h">
      <Filter>Header Files</Filter>
    </ClInclude>
    <ClInclude Include="asset.h">
      <Filter>Header Files</Filter>
    </ClInclude>
    <ClInclude Include="debug.h">
      <Filter>Header Files</Filter>
    </ClInclude>
    <ClInclude Include="hashtable.h">
      <Filter>Header Files</Filter>
    </ClInclude>
    <ClInclude Include="minimax.h">
      <Filter>Header Files</Filter>
    </ClInclude>
    <ClInclude Include="board_eval.h">
      <Filter>Header Files</Filter>
    </ClInclude>
    <ClInclude Include="turn.h">
      <Filter>Header Files</Filter>
    </ClInclude>
    <ClInclude Include="team.h">
      <Filter>Header Files</Filter>
    </ClInclude>
    <ClInclude Include="ai.h">
      <Filter>Header Files</Filter>
    </ClInclude>
    <ClInclude Include="map_gen.h">
      <Filter>Header Files</Filter>
    </ClInclude>
    <ClInclude Include="math.h">
      <Filter>Header Files</Filter>
    </ClInclude>
    <ClInclude Include="dynarray.h">
      <Filter>Header Files</Filter>
    </ClInclude>
    <ClInclude Include="dynqueue.h">
      <Filter>Header Files</Filter>
    </ClInclude>
    <ClInclude Include="physics.h">
      <Filter>Header Files</Filter>
    </ClInclude>
  </ItemGroup>
  <ItemGroup>
    <None Include="shadersrc\bgfx_shader.sh">
      <Filter>Shader Source</Filter>
    </None>
    <None Include="shadersrc\common.sh">
      <Filter>Shader Source</Filter>
    </None>
    <None Include="shadersrc\shaderlib.sh">
      <Filter>Shader Source</Filter>
    </None>
    <None Include="shadersrc\diffuse_fs.sc">
      <Filter>Shader Source\diffuse</Filter>
    </None>
    <None Include="shadersrc\diffuse_varying.sc">
      <Filter>Shader Source\diffuse</Filter>
    </None>
    <None Include="shadersrc\diffuse_vs.sc">
      <Filter>Shader Source\diffuse</Filter>
    </None>
    <None Include="shadersrc\gui_fs.sc">
      <Filter>Shader Source\gui</Filter>
    </None>
    <None Include="shadersrc\gui_varying.sc">
      <Filter>Shader Source\gui</Filter>
    </None>
    <None Include="shadersrc\gui_vs.sc">
      <Filter>Shader Source\gui</Filter>
    </None>
    <None Include="shadersrc\font_fs.sc">
      <Filter>Shader Source\font</Filter>
    </None>
    <None Include="shadersrc\font_varying.sc">
      <Filter>Shader Source\font</Filter>
    </None>
    <None Include="shadersrc\font_vs.sc">
      <Filter>Shader Source\font</Filter>
    </None>
  </ItemGroup>
</Project>